
Microsoft Visual Studio Solution File, Format Version 12.00
# Visual Studio 15
VisualStudioVersion = 15.0.27428.2011
MinimumVisualStudioVersion = 10.0.40219.1
Project("{FAE04EC0-301F-11D3-BF4B-00C04F79EFBC}") = "laboratorium 3", "laboratorium 3\laboratorium 3.csproj", "{671FB4B5-D99A-4C6B-8F6F-044F2120C714}"
EndProject
Global
	GlobalSection(SolutionConfigurationPlatforms) = preSolution
		Debug|Any CPU = Debug|Any CPU
		Release|Any CPU = Release|Any CPU
	EndGlobalSection
	GlobalSection(ProjectConfigurationPlatforms) = postSolution
		{671FB4B5-D99A-4C6B-8F6F-044F2120C714}.Debug|Any CPU.ActiveCfg = Debug|Any CPU
		{671FB4B5-D99A-4C6B-8F6F-044F2120C714}.Debug|Any CPU.Build.0 = Debug|Any CPU
		{671FB4B5-D99A-4C6B-8F6F-044F2120C714}.Release|Any CPU.ActiveCfg = Release|Any CPU
		{671FB4B5-D99A-4C6B-8F6F-044F2120C714}.Release|Any CPU.Build.0 = Release|Any CPU
	EndGlobalSection
	GlobalSection(SolutionProperties) = preSolution
		HideSolutionNode = FALSE
	EndGlobalSection
	GlobalSection(ExtensibilityGlobals) = postSolution
		SolutionGuid = {8545D644-8F86-4978-BAAC-689A37DEB14C}
	EndGlobalSection
EndGlobal
