
Microsoft Visual Studio Solution File, Format Version 12.00
# Visual Studio 15
VisualStudioVersion = 15.0.27428.2011
MinimumVisualStudioVersion = 10.0.40219.1
Project("{FAE04EC0-301F-11D3-BF4B-00C04F79EFBC}") = "ConsoleApp2", "ConsoleApp2\ConsoleApp2.csproj", "{9672183E-B043-4175-B40C-852ADA48B129}"
EndProject
Global
	GlobalSection(SolutionConfigurationPlatforms) = preSolution
		Debug|Any CPU = Debug|Any CPU
		Release|Any CPU = Release|Any CPU
	EndGlobalSection
	GlobalSection(ProjectConfigurationPlatforms) = postSolution
		{9672183E-B043-4175-B40C-852ADA48B129}.Debug|Any CPU.ActiveCfg = Debug|Any CPU
		{9672183E-B043-4175-B40C-852ADA48B129}.Debug|Any CPU.Build.0 = Debug|Any CPU
		{9672183E-B043-4175-B40C-852ADA48B129}.Release|Any CPU.ActiveCfg = Release|Any CPU
		{9672183E-B043-4175-B40C-852ADA48B129}.Release|Any CPU.Build.0 = Release|Any CPU
	EndGlobalSection
	GlobalSection(SolutionProperties) = preSolution
		HideSolutionNode = FALSE
	EndGlobalSection
	GlobalSection(ExtensibilityGlobals) = postSolution
		SolutionGuid = {0A648C4A-ED3D-4D46-AE2E-09631ACA9817}
	EndGlobalSection
EndGlobal
