
Microsoft Visual Studio Solution File, Format Version 12.00
# Visual Studio 15
VisualStudioVersion = 15.0.27428.2011
MinimumVisualStudioVersion = 10.0.40219.1
Project("{F2A71F9B-5D33-465A-A702-920D77279786}") = "ConsoleAppIstera", "ConsoleAppIstera\ConsoleAppIstera.fsproj", "{DB918AB1-3F6D-4A2C-B68B-BF5359A11F47}"
EndProject
Global
	GlobalSection(SolutionConfigurationPlatforms) = preSolution
		Debug|Any CPU = Debug|Any CPU
		Release|Any CPU = Release|Any CPU
	EndGlobalSection
	GlobalSection(ProjectConfigurationPlatforms) = postSolution
		{DB918AB1-3F6D-4A2C-B68B-BF5359A11F47}.Debug|Any CPU.ActiveCfg = Debug|Any CPU
		{DB918AB1-3F6D-4A2C-B68B-BF5359A11F47}.Debug|Any CPU.Build.0 = Debug|Any CPU
		{DB918AB1-3F6D-4A2C-B68B-BF5359A11F47}.Release|Any CPU.ActiveCfg = Release|Any CPU
		{DB918AB1-3F6D-4A2C-B68B-BF5359A11F47}.Release|Any CPU.Build.0 = Release|Any CPU
	EndGlobalSection
	GlobalSection(SolutionProperties) = preSolution
		HideSolutionNode = FALSE
	EndGlobalSection
	GlobalSection(ExtensibilityGlobals) = postSolution
		SolutionGuid = {D2AC0DB8-886E-4BE2-A7B0-6E651771A14D}
	EndGlobalSection
EndGlobal
