
Microsoft Visual Studio Solution File, Format Version 12.00
# Visual Studio 15
VisualStudioVersion = 15.0.27428.2011
MinimumVisualStudioVersion = 10.0.40219.1
Project("{F2A71F9B-5D33-465A-A702-920D77279786}") = "ConsoleApp1", "ConsoleApp1\ConsoleApp1.fsproj", "{76CB2DBF-3791-4F33-B14F-A88FA0953B73}"
EndProject
Global
	GlobalSection(SolutionConfigurationPlatforms) = preSolution
		Debug|Any CPU = Debug|Any CPU
		Release|Any CPU = Release|Any CPU
	EndGlobalSection
	GlobalSection(ProjectConfigurationPlatforms) = postSolution
		{76CB2DBF-3791-4F33-B14F-A88FA0953B73}.Debug|Any CPU.ActiveCfg = Debug|Any CPU
		{76CB2DBF-3791-4F33-B14F-A88FA0953B73}.Debug|Any CPU.Build.0 = Debug|Any CPU
		{76CB2DBF-3791-4F33-B14F-A88FA0953B73}.Release|Any CPU.ActiveCfg = Release|Any CPU
		{76CB2DBF-3791-4F33-B14F-A88FA0953B73}.Release|Any CPU.Build.0 = Release|Any CPU
	EndGlobalSection
	GlobalSection(SolutionProperties) = preSolution
		HideSolutionNode = FALSE
	EndGlobalSection
	GlobalSection(ExtensibilityGlobals) = postSolution
		SolutionGuid = {AD5A5C71-B40E-46D3-9C95-FE12FB26F4E9}
	EndGlobalSection
EndGlobal
