
Microsoft Visual Studio Solution File, Format Version 12.00
# Visual Studio 15
VisualStudioVersion = 15.0.28307.421
MinimumVisualStudioVersion = 10.0.40219.1
Project("{FAE04EC0-301F-11D3-BF4B-00C04F79EFBC}") = "program_1.0", "program_1.0.csproj", "{10A7E0F4-3537-4036-9A68-5A4194194288}"
EndProject
Global
	GlobalSection(SolutionConfigurationPlatforms) = preSolution
		Debug|Any CPU = Debug|Any CPU
		Release|Any CPU = Release|Any CPU
	EndGlobalSection
	GlobalSection(ProjectConfigurationPlatforms) = postSolution
		{10A7E0F4-3537-4036-9A68-5A4194194288}.Debug|Any CPU.ActiveCfg = Debug|Any CPU
		{10A7E0F4-3537-4036-9A68-5A4194194288}.Debug|Any CPU.Build.0 = Debug|Any CPU
		{10A7E0F4-3537-4036-9A68-5A4194194288}.Release|Any CPU.ActiveCfg = Release|Any CPU
		{10A7E0F4-3537-4036-9A68-5A4194194288}.Release|Any CPU.Build.0 = Release|Any CPU
	EndGlobalSection
	GlobalSection(SolutionProperties) = preSolution
		HideSolutionNode = FALSE
	EndGlobalSection
	GlobalSection(ExtensibilityGlobals) = postSolution
		SolutionGuid = {B7BCB016-9492-492C-8A0D-96A8A0B36833}
	EndGlobalSection
EndGlobal
